
Microsoft Visual Studio Solution File, Format Version 12.00
# Visual Studio Version 17
VisualStudioVersion = 17.1.32319.34
MinimumVisualStudioVersion = 10.0.40219.1
Project("{FAE04EC0-301F-11D3-BF4B-00C04F79EFBC}") = "Blazorprojekt", "Blazorprojekt\Blazorprojekt.csproj", "{D814F823-7559-4017-AD30-CC4ED2E574D4}"
EndProject
Global
	GlobalSection(SolutionConfigurationPlatforms) = preSolution
		Debug|Any CPU = Debug|Any CPU
		Release|Any CPU = Release|Any CPU
	EndGlobalSection
	GlobalSection(ProjectConfigurationPlatforms) = postSolution
		{D814F823-7559-4017-AD30-CC4ED2E574D4}.Debug|Any CPU.ActiveCfg = Debug|Any CPU
		{D814F823-7559-4017-AD30-CC4ED2E574D4}.Debug|Any CPU.Build.0 = Debug|Any CPU
		{D814F823-7559-4017-AD30-CC4ED2E574D4}.Release|Any CPU.ActiveCfg = Release|Any CPU
		{D814F823-7559-4017-AD30-CC4ED2E574D4}.Release|Any CPU.Build.0 = Release|Any CPU
	EndGlobalSection
	GlobalSection(SolutionProperties) = preSolution
		HideSolutionNode = FALSE
	EndGlobalSection
	GlobalSection(ExtensibilityGlobals) = postSolution
		SolutionGuid = {CD4CA0C9-A102-477B-BBB8-8EA5FF1E6892}
	EndGlobalSection
EndGlobal
